
Microsoft Visual Studio Solution File, Format Version 12.00
# Visual Studio Version 17
VisualStudioVersion = 17.5.002.0
MinimumVisualStudioVersion = 10.0.40219.1
Project("{9A19103F-16F7-4668-BE54-9A1E7A4F7556}") = "MovieApp", "MovieApp.csproj", "{433DBF77-520C-4D36-A03C-5758A80883D5}"
EndProject
Global
	GlobalSection(SolutionConfigurationPlatforms) = preSolution
		Debug|Any CPU = Debug|Any CPU
		Release|Any CPU = Release|Any CPU
	EndGlobalSection
	GlobalSection(ProjectConfigurationPlatforms) = postSolution
		{433DBF77-520C-4D36-A03C-5758A80883D5}.Debug|Any CPU.ActiveCfg = Debug|Any CPU
		{433DBF77-520C-4D36-A03C-5758A80883D5}.Debug|Any CPU.Build.0 = Debug|Any CPU
		{433DBF77-520C-4D36-A03C-5758A80883D5}.Release|Any CPU.ActiveCfg = Release|Any CPU
		{433DBF77-520C-4D36-A03C-5758A80883D5}.Release|Any CPU.Build.0 = Release|Any CPU
	EndGlobalSection
	GlobalSection(SolutionProperties) = preSolution
		HideSolutionNode = FALSE
	EndGlobalSection
	GlobalSection(ExtensibilityGlobals) = postSolution
		SolutionGuid = {0CF82D41-8D15-42F0-9C44-CEC1110AB89B}
	EndGlobalSection
EndGlobal
